<?xml version="1.0" encoding="UTF-8"?>
<Scheme
   version = "1.3">
   <BuildAction>
      <BuildActionEntries>
         <BuildActionEntry
            buildForRunning = "YES">
            <BuildableReference
               BuildableIdentifier = "primary"
               BlueprintIdentifier = "611AC5CB680C74366D167284"
               BuildableName = "iPhoneBezel.app"
               BlueprintName = "iPhoneBezel"
               ReferencedContainer = "container:iPhoneBezel.xcodeproj">
            </BuildableReference>
         </BuildActionEntry>
      </BuildActionEntries>
   </BuildAction>
   <LaunchAction
      useCustomWorkingDirectory = "NO"
      buildConfiguration = "Debug"
      allowLocationSimulation = "YES">
      <BuildableProductRunnable>
         <BuildableReference
            BuildableIdentifier = "primary"
            BlueprintIdentifier = "611AC5CB680C74366D167284"
            BuildableName = "iPhoneBezel.app"
            BlueprintName = "iPhoneBezel"
            ReferencedContainer = "container:iPhoneBezel.xcodeproj">
         </BuildableReference>
      </BuildableProductRunnable>
   </LaunchAction>
</Scheme>
